
Microsoft Visual Studio Solution File, Format Version 12.00
# Visual Studio Version 16
VisualStudioVersion = 16.0.30717.126
MinimumVisualStudioVersion = 10.0.40219.1
Project("{FAE04EC0-301F-11D3-BF4B-00C04F79EFBC}") = "Asaftei_Nicoleta_Lab10.Android", "Asaftei_Nicoleta_Lab10.Android\Asaftei_Nicoleta_Lab10.Android.csproj", "{CCBF8D6A-4B38-4AC3-9C4D-9B15B795FE86}"
EndProject
Project("{FAE04EC0-301F-11D3-BF4B-00C04F79EFBC}") = "Asaftei_Nicoleta_Lab10.iOS", "Asaftei_Nicoleta_Lab10.iOS\Asaftei_Nicoleta_Lab10.iOS.csproj", "{BD645D3F-1F42-4FC6-92A4-665D6D4D199C}"
EndProject
Project("{FAE04EC0-301F-11D3-BF4B-00C04F79EFBC}") = "Asaftei_Nicoleta_Lab10", "Asaftei_Nicoleta_Lab10\Asaftei_Nicoleta_Lab10.csproj", "{806B50B0-33CB-488C-8B8C-DC01C87164A6}"
EndProject
Global
	GlobalSection(SolutionConfigurationPlatforms) = preSolution
		Debug|Any CPU = Debug|Any CPU
		Debug|iPhone = Debug|iPhone
		Debug|iPhoneSimulator = Debug|iPhoneSimulator
		Release|Any CPU = Release|Any CPU
		Release|iPhone = Release|iPhone
		Release|iPhoneSimulator = Release|iPhoneSimulator
	EndGlobalSection
	GlobalSection(ProjectConfigurationPlatforms) = postSolution
		{CCBF8D6A-4B38-4AC3-9C4D-9B15B795FE86}.Debug|Any CPU.ActiveCfg = Debug|Any CPU
		{CCBF8D6A-4B38-4AC3-9C4D-9B15B795FE86}.Debug|Any CPU.Build.0 = Debug|Any CPU
		{CCBF8D6A-4B38-4AC3-9C4D-9B15B795FE86}.Debug|Any CPU.Deploy.0 = Debug|Any CPU
		{CCBF8D6A-4B38-4AC3-9C4D-9B15B795FE86}.Debug|iPhone.ActiveCfg = Debug|Any CPU
		{CCBF8D6A-4B38-4AC3-9C4D-9B15B795FE86}.Debug|iPhone.Build.0 = Debug|Any CPU
		{CCBF8D6A-4B38-4AC3-9C4D-9B15B795FE86}.Debug|iPhone.Deploy.0 = Debug|Any CPU
		{CCBF8D6A-4B38-4AC3-9C4D-9B15B795FE86}.Debug|iPhoneSimulator.ActiveCfg = Debug|Any CPU
		{CCBF8D6A-4B38-4AC3-9C4D-9B15B795FE86}.Debug|iPhoneSimulator.Build.0 = Debug|Any CPU
		{CCBF8D6A-4B38-4AC3-9C4D-9B15B795FE86}.Debug|iPhoneSimulator.Deploy.0 = Debug|Any CPU
		{CCBF8D6A-4B38-4AC3-9C4D-9B15B795FE86}.Release|Any CPU.ActiveCfg = Release|Any CPU
		{CCBF8D6A-4B38-4AC3-9C4D-9B15B795FE86}.Release|Any CPU.Build.0 = Release|Any CPU
		{CCBF8D6A-4B38-4AC3-9C4D-9B15B795FE86}.Release|Any CPU.Deploy.0 = Release|Any CPU
		{CCBF8D6A-4B38-4AC3-9C4D-9B15B795FE86}.Release|iPhone.ActiveCfg = Release|Any CPU
		{CCBF8D6A-4B38-4AC3-9C4D-9B15B795FE86}.Release|iPhone.Build.0 = Release|Any CPU
		{CCBF8D6A-4B38-4AC3-9C4D-9B15B795FE86}.Release|iPhone.Deploy.0 = Release|Any CPU
		{CCBF8D6A-4B38-4AC3-9C4D-9B15B795FE86}.Release|iPhoneSimulator.ActiveCfg = Release|Any CPU
		{CCBF8D6A-4B38-4AC3-9C4D-9B15B795FE86}.Release|iPhoneSimulator.Build.0 = Release|Any CPU
		{CCBF8D6A-4B38-4AC3-9C4D-9B15B795FE86}.Release|iPhoneSimulator.Deploy.0 = Release|Any CPU
		{BD645D3F-1F42-4FC6-92A4-665D6D4D199C}.Debug|Any CPU.ActiveCfg = Debug|iPhone
		{BD645D3F-1F42-4FC6-92A4-665D6D4D199C}.Debug|Any CPU.Build.0 = Debug|iPhone
		{BD645D3F-1F42-4FC6-92A4-665D6D4D199C}.Debug|Any CPU.Deploy.0 = Debug|iPhone
		{BD645D3F-1F42-4FC6-92A4-665D6D4D199C}.Debug|iPhone.ActiveCfg = Debug|iPhone
		{BD645D3F-1F42-4FC6-92A4-665D6D4D199C}.Debug|iPhone.Build.0 = Debug|iPhone
		{BD645D3F-1F42-4FC6-92A4-665D6D4D199C}.Debug|iPhone.Deploy.0 = Debug|iPhone
		{BD645D3F-1F42-4FC6-92A4-665D6D4D199C}.Debug|iPhoneSimulator.ActiveCfg = Debug|iPhoneSimulator
		{BD645D3F-1F42-4FC6-92A4-665D6D4D199C}.Debug|iPhoneSimulator.Build.0 = Debug|iPhoneSimulator
		{BD645D3F-1F42-4FC6-92A4-665D6D4D199C}.Debug|iPhoneSimulator.Deploy.0 = Debug|iPhoneSimulator
		{BD645D3F-1F42-4FC6-92A4-665D6D4D199C}.Release|Any CPU.ActiveCfg = Release|iPhoneSimulator
		{BD645D3F-1F42-4FC6-92A4-665D6D4D199C}.Release|Any CPU.Build.0 = Release|iPhoneSimulator
		{BD645D3F-1F42-4FC6-92A4-665D6D4D199C}.Release|Any CPU.Deploy.0 = Release|iPhoneSimulator
		{BD645D3F-1F42-4FC6-92A4-665D6D4D199C}.Release|iPhone.ActiveCfg = Release|iPhone
		{BD645D3F-1F42-4FC6-92A4-665D6D4D199C}.Release|iPhone.Build.0 = Release|iPhone
		{BD645D3F-1F42-4FC6-92A4-665D6D4D199C}.Release|iPhone.Deploy.0 = Release|iPhone
		{BD645D3F-1F42-4FC6-92A4-665D6D4D199C}.Release|iPhoneSimulator.ActiveCfg = Release|iPhoneSimulator
		{BD645D3F-1F42-4FC6-92A4-665D6D4D199C}.Release|iPhoneSimulator.Build.0 = Release|iPhoneSimulator
		{BD645D3F-1F42-4FC6-92A4-665D6D4D199C}.Release|iPhoneSimulator.Deploy.0 = Release|iPhoneSimulator
		{806B50B0-33CB-488C-8B8C-DC01C87164A6}.Debug|Any CPU.ActiveCfg = Debug|Any CPU
		{806B50B0-33CB-488C-8B8C-DC01C87164A6}.Debug|Any CPU.Build.0 = Debug|Any CPU
		{806B50B0-33CB-488C-8B8C-DC01C87164A6}.Debug|Any CPU.Deploy.0 = Debug|Any CPU
		{806B50B0-33CB-488C-8B8C-DC01C87164A6}.Debug|iPhone.ActiveCfg = Debug|Any CPU
		{806B50B0-33CB-488C-8B8C-DC01C87164A6}.Debug|iPhone.Build.0 = Debug|Any CPU
		{806B50B0-33CB-488C-8B8C-DC01C87164A6}.Debug|iPhone.Deploy.0 = Debug|Any CPU
		{806B50B0-33CB-488C-8B8C-DC01C87164A6}.Debug|iPhoneSimulator.ActiveCfg = Debug|Any CPU
		{806B50B0-33CB-488C-8B8C-DC01C87164A6}.Debug|iPhoneSimulator.Build.0 = Debug|Any CPU
		{806B50B0-33CB-488C-8B8C-DC01C87164A6}.Debug|iPhoneSimulator.Deploy.0 = Debug|Any CPU
		{806B50B0-33CB-488C-8B8C-DC01C87164A6}.Release|Any CPU.ActiveCfg = Release|Any CPU
		{806B50B0-33CB-488C-8B8C-DC01C87164A6}.Release|Any CPU.Build.0 = Release|Any CPU
		{806B50B0-33CB-488C-8B8C-DC01C87164A6}.Release|Any CPU.Deploy.0 = Release|Any CPU
		{806B50B0-33CB-488C-8B8C-DC01C87164A6}.Release|iPhone.ActiveCfg = Release|Any CPU
		{806B50B0-33CB-488C-8B8C-DC01C87164A6}.Release|iPhone.Build.0 = Release|Any CPU
		{806B50B0-33CB-488C-8B8C-DC01C87164A6}.Release|iPhone.Deploy.0 = Release|Any CPU
		{806B50B0-33CB-488C-8B8C-DC01C87164A6}.Release|iPhoneSimulator.ActiveCfg = Release|Any CPU
		{806B50B0-33CB-488C-8B8C-DC01C87164A6}.Release|iPhoneSimulator.Build.0 = Release|Any CPU
		{806B50B0-33CB-488C-8B8C-DC01C87164A6}.Release|iPhoneSimulator.Deploy.0 = Release|Any CPU
	EndGlobalSection
	GlobalSection(SolutionProperties) = preSolution
		HideSolutionNode = FALSE
	EndGlobalSection
	GlobalSection(ExtensibilityGlobals) = postSolution
		SolutionGuid = {E9B3466F-4DCB-46A9-8484-DF52652498DB}
	EndGlobalSection
EndGlobal
